{
  "name": "final-project---phase-1",
  "version": "1.0.0",
  "lockfileVersion": 2,
  "requires": true,
  "packages": {
    "": {
      "name": "final-project---phase-1",
      "version": "1.0.0",
      "license": "ISC",
      "dependencies": {
        "chart.js": "^4.1.1"
      }
    },
    "node_modules/@kurkle/color": {
      "version": "0.3.1",
      "resolved": "https://registry.npmjs.org/@kurkle/color/-/color-0.3.1.tgz",
      "integrity": "sha512-hW0GwZj06z/ZFUW2Espl7toVDjghJN+EKqyXzPSV8NV89d5BYp5rRMBJoc+aUN0x5OXDMeRQHazejr2Xmqj2tw=="
    },
    "node_modules/chart.js": {
      "version": "4.1.1",
      "resolved": "https://registry.npmjs.org/chart.js/-/chart.js-4.1.1.tgz",
      "integrity": "sha512-P0pCosNXp+LR8zO/QTkZKT6Hb7p0DPFtypEeVOf+6x06hX13NIb75R0DXUA4Ksx/+48chDQKtCCmRCviQRTqsA==",
      "dependencies": {
        "@kurkle/color": "^0.3.0"
      },
      "engines": {
        "pnpm": "^7.0.0"
      }
    }
  },
  "dependencies": {
    "@kurkle/color": {
      "version": "0.3.1",
      "resolved": "https://registry.npmjs.org/@kurkle/color/-/color-0.3.1.tgz",
      "integrity": "sha512-hW0GwZj06z/ZFUW2Espl7toVDjghJN+EKqyXzPSV8NV89d5BYp5rRMBJoc+aUN0x5OXDMeRQHazejr2Xmqj2tw=="
    },
    "chart.js": {
      "version": "4.1.1",
      "resolved": "https://registry.npmjs.org/chart.js/-/chart.js-4.1.1.tgz",
      "integrity": "sha512-P0pCosNXp+LR8zO/QTkZKT6Hb7p0DPFtypEeVOf+6x06hX13NIb75R0DXUA4Ksx/+48chDQKtCCmRCviQRTqsA==",
      "requires": {
        "@kurkle/color": "^0.3.0"
      }
    }
  }
}
